
Microsoft Visual Studio Solution File, Format Version 12.00
# Visual Studio Version 17
VisualStudioVersion = 17.14.36301.6 d17.14
MinimumVisualStudioVersion = 10.0.40219.1
Project("{FAE04EC0-301F-11D3-BF4B-00C04F79EFBC}") = "CommonApi", "CommonApi\CommonApi.csproj", "{4252797A-E2DC-462B-869A-D531D98B2239}"
EndProject
Global
	GlobalSection(SolutionConfigurationPlatforms) = preSolution
		Debug|Any CPU = Debug|Any CPU
		Release|Any CPU = Release|Any CPU
	EndGlobalSection
	GlobalSection(ProjectConfigurationPlatforms) = postSolution
		{4252797A-E2DC-462B-869A-D531D98B2239}.Debug|Any CPU.ActiveCfg = Debug|Any CPU
		{4252797A-E2DC-462B-869A-D531D98B2239}.Debug|Any CPU.Build.0 = Debug|Any CPU
		{4252797A-E2DC-462B-869A-D531D98B2239}.Release|Any CPU.ActiveCfg = Release|Any CPU
		{4252797A-E2DC-462B-869A-D531D98B2239}.Release|Any CPU.Build.0 = Release|Any CPU
	EndGlobalSection
	GlobalSection(SolutionProperties) = preSolution
		HideSolutionNode = FALSE
	EndGlobalSection
	GlobalSection(ExtensibilityGlobals) = postSolution
		SolutionGuid = {827D81D1-ED39-4E13-B04E-C0D8BFEB0AB2}
	EndGlobalSection
EndGlobal
